
Microsoft Visual Studio Solution File, Format Version 12.00
# Visual Studio 14
VisualStudioVersion = 14.0.24720.0
MinimumVisualStudioVersion = 10.0.40219.1
Project("{FAE04EC0-301F-11D3-BF4B-00C04F79EFBC}") = "MyvarWeb", "MyvarWeb\MyvarWeb.csproj", "{2C8F6D15-4272-4181-9CF5-83BE8EDFB0C7}"
EndProject
Project("{FAE04EC0-301F-11D3-BF4B-00C04F79EFBC}") = "MW.Core", "MW.Core\MW.Core.csproj", "{BA84E19D-D6BA-4268-A07F-E0A233A7366A}"
EndProject
Global
	GlobalSection(SolutionConfigurationPlatforms) = preSolution
		Debug|Any CPU = Debug|Any CPU
		Release|Any CPU = Release|Any CPU
	EndGlobalSection
	GlobalSection(ProjectConfigurationPlatforms) = postSolution
		{2C8F6D15-4272-4181-9CF5-83BE8EDFB0C7}.Debug|Any CPU.ActiveCfg = Debug|Any CPU
		{2C8F6D15-4272-4181-9CF5-83BE8EDFB0C7}.Debug|Any CPU.Build.0 = Debug|Any CPU
		{2C8F6D15-4272-4181-9CF5-83BE8EDFB0C7}.Release|Any CPU.ActiveCfg = Release|Any CPU
		{2C8F6D15-4272-4181-9CF5-83BE8EDFB0C7}.Release|Any CPU.Build.0 = Release|Any CPU
		{BA84E19D-D6BA-4268-A07F-E0A233A7366A}.Debug|Any CPU.ActiveCfg = Debug|Any CPU
		{BA84E19D-D6BA-4268-A07F-E0A233A7366A}.Debug|Any CPU.Build.0 = Debug|Any CPU
		{BA84E19D-D6BA-4268-A07F-E0A233A7366A}.Release|Any CPU.ActiveCfg = Release|Any CPU
		{BA84E19D-D6BA-4268-A07F-E0A233A7366A}.Release|Any CPU.Build.0 = Release|Any CPU
	EndGlobalSection
	GlobalSection(SolutionProperties) = preSolution
		HideSolutionNode = FALSE
	EndGlobalSection
EndGlobal
